// !$*UTF8*$!
{
	archiveVersion = 1;
	classes = {
	};
	objectVersion = 46;
	objects = {

/* Begin PBXBuildFile section */
		FAECA00919DCDC4F00C0E244 /* Foundation.framework in Frameworks */ = {isa = PBXBuildFile; fileRef = FAECA00819DCDC4F00C0E244 /* Foundation.framework */; };
		FAECA00B19DCDC4F00C0E244 /* CoreGraphics.framework in Frameworks */ = {isa = PBXBuildFile; fileRef = FAECA00A19DCDC4F00C0E244 /* CoreGraphics.framework */; };
		FAECA00D19DCDC4F00C0E244 /* UIKit.framework in Frameworks */ = {isa = PBXBuildFile; fileRef = FAECA00C19DCDC4F00C0E244 /* UIKit.framework */; };
		FAECA01319DCDC4F00C0E244 /* InfoPlist.strings in Resources */ = {isa = PBXBuildFile; fileRef = FAECA01119DCDC4F00C0E244 /* InfoPlist.strings */; };
		FAECA01519DCDC4F00C0E244 /* main.m in Sources */ = {isa = PBXBuildFile; fileRef = FAECA01419DCDC4F00C0E244 /* main.m */; };
		FAECA01919DCDC4F00C0E244 /* BNRAppDelegate.m in Sources */ = {isa = PBXBuildFile; fileRef = FAECA01819DCDC4F00C0E244 /* BNRAppDelegate.m */; };
		FAECA01B19DCDC4F00C0E244 /* Images.xcassets in Resources */ = {isa = PBXBuildFile; fileRef = FAECA01A19DCDC4F00C0E244 /* Images.xcassets */; };
		FAECA02219DCDC4F00C0E244 /* XCTest.framework in Frameworks */ = {isa = PBXBuildFile; fileRef = FAECA02119DCDC4F00C0E244 /* XCTest.framework */; };
		FAECA02319DCDC4F00C0E244 /* Foundation.framework in Frameworks */ = {isa = PBXBuildFile; fileRef = FAECA00819DCDC4F00C0E244 /* Foundation.framework */; };
		FAECA02419DCDC4F00C0E244 /* UIKit.framework in Frameworks */ = {isa = PBXBuildFile; fileRef = FAECA00C19DCDC4F00C0E244 /* UIKit.framework */; };
		FAECA02C19DCDC4F00C0E244 /* InfoPlist.strings in Resources */ = {isa = PBXBuildFile; fileRef = FAECA02A19DCDC4F00C0E244 /* InfoPlist.strings */; };
		FAECA02E19DCDC4F00C0E244 /* TouchTrackerTests.m in Sources */ = {isa = PBXBuildFile; fileRef = FAECA02D19DCDC4F00C0E244 /* TouchTrackerTests.m */; };
		FAECA03919DCDCDB00C0E244 /* BNRLine.m in Sources */ = {isa = PBXBuildFile; fileRef = FAECA03819DCDCDB00C0E244 /* BNRLine.m */; };
		FAECA03C19DCDD4F00C0E244 /* BNRDrawView.m in Sources */ = {isa = PBXBuildFile; fileRef = FAECA03B19DCDD4F00C0E244 /* BNRDrawView.m */; };
		FAECA04219DCDDEA00C0E244 /* BNRDrawViewController.m in Sources */ = {isa = PBXBuildFile; fileRef = FAECA04119DCDDEA00C0E244 /* BNRDrawViewController.m */; };
/* End PBXBuildFile section */

/* Begin PBXContainerItemProxy section */
		FAECA02519DCDC4F00C0E244 /* PBXContainerItemProxy */ = {
			isa = PBXContainerItemProxy;
			containerPortal = FAEC9FFD19DCDC4E00C0E244 /* Project object */;
			proxyType = 1;
			remoteGlobalIDString = FAECA00419DCDC4F00C0E244;
			remoteInfo = TouchTracker;
		};
/* End PBXContainerItemProxy section */

/* Begin PBXFileReference section */
		FAECA00519DCDC4F00C0E244 /* TouchTracker.app */ = {isa = PBXFileReference; explicitFileType = wrapper.application; includeInIndex = 0; path = TouchTracker.app; sourceTree = BUILT_PRODUCTS_DIR; };
		FAECA00819DCDC4F00C0E244 /* Foundation.framework */ = {isa = PBXFileReference; lastKnownFileType = wrapper.framework; name = Foundation.framework; path = System/Library/Frameworks/Foundation.framework; sourceTree = SDKROOT; };
		FAECA00A19DCDC4F00C0E244 /* CoreGraphics.framework */ = {isa = PBXFileReference; lastKnownFileType = wrapper.framework; name = CoreGraphics.framework; path = System/Library/Frameworks/CoreGraphics.framework; sourceTree = SDKROOT; };
		FAECA00C19DCDC4F00C0E244 /* UIKit.framework */ = {isa = PBXFileReference; lastKnownFileType = wrapper.framework; name = UIKit.framework; path = System/Library/Frameworks/UIKit.framework; sourceTree = SDKROOT; };
		FAECA01019DCDC4F00C0E244 /* TouchTracker-Info.plist */ = {isa = PBXFileReference; lastKnownFileType = text.plist.xml; path = "TouchTracker-Info.plist"; sourceTree = "<group>"; };
		FAECA01219DCDC4F00C0E244 /* en */ = {isa = PBXFileReference; lastKnownFileType = text.plist.strings; name = en; path = en.lproj/InfoPlist.strings; sourceTree = "<group>"; };
		FAECA01419DCDC4F00C0E244 /* main.m */ = {isa = PBXFileReference; lastKnownFileType = sourcecode.c.objc; path = main.m; sourceTree = "<group>"; };
		FAECA01619DCDC4F00C0E244 /* TouchTracker-Prefix.pch */ = {isa = PBXFileReference; lastKnownFileType = sourcecode.c.h; path = "TouchTracker-Prefix.pch"; sourceTree = "<group>"; };
		FAECA01719DCDC4F00C0E244 /* BNRAppDelegate.h */ = {isa = PBXFileReference; lastKnownFileType = sourcecode.c.h; path = BNRAppDelegate.h; sourceTree = "<group>"; };
		FAECA01819DCDC4F00C0E244 /* BNRAppDelegate.m */ = {isa = PBXFileReference; lastKnownFileType = sourcecode.c.objc; path = BNRAppDelegate.m; sourceTree = "<group>"; };
		FAECA01A19DCDC4F00C0E244 /* Images.xcassets */ = {isa = PBXFileReference; lastKnownFileType = folder.assetcatalog; path = Images.xcassets; sourceTree = "<group>"; };
		FAECA02019DCDC4F00C0E244 /* TouchTrackerTests.xctest */ = {isa = PBXFileReference; explicitFileType = wrapper.cfbundle; includeInIndex = 0; path = TouchTrackerTests.xctest; sourceTree = BUILT_PRODUCTS_DIR; };
		FAECA02119DCDC4F00C0E244 /* XCTest.framework */ = {isa = PBXFileReference; lastKnownFileType = wrapper.framework; name = XCTest.framework; path = Library/Frameworks/XCTest.framework; sourceTree = DEVELOPER_DIR; };
		FAECA02919DCDC4F00C0E244 /* TouchTrackerTests-Info.plist */ = {isa = PBXFileReference; lastKnownFileType = text.plist.xml; path = "TouchTrackerTests-Info.plist"; sourceTree = "<group>"; };
		FAECA02B19DCDC4F00C0E244 /* en */ = {isa = PBXFileReference; lastKnownFileType = text.plist.strings; name = en; path = en.lproj/InfoPlist.strings; sourceTree = "<group>"; };
		FAECA02D19DCDC4F00C0E244 /* TouchTrackerTests.m */ = {isa = PBXFileReference; lastKnownFileType = sourcecode.c.objc; path = TouchTrackerTests.m; sourceTree = "<group>"; };
		FAECA03719DCDCDB00C0E244 /* BNRLine.h */ = {isa = PBXFileReference; fileEncoding = 4; lastKnownFileType = sourcecode.c.h; path = BNRLine.h; sourceTree = "<group>"; };
		FAECA03819DCDCDB00C0E244 /* BNRLine.m */ = {isa = PBXFileReference; fileEncoding = 4; lastKnownFileType = sourcecode.c.objc; path = BNRLine.m; sourceTree = "<group>"; };
		FAECA03A19DCDD4F00C0E244 /* BNRDrawView.h */ = {isa = PBXFileReference; fileEncoding = 4; lastKnownFileType = sourcecode.c.h; path = BNRDrawView.h; sourceTree = "<group>"; };
		FAECA03B19DCDD4F00C0E244 /* BNRDrawView.m */ = {isa = PBXFileReference; fileEncoding = 4; lastKnownFileType = sourcecode.c.objc; path = BNRDrawView.m; sourceTree = "<group>"; };
		FAECA04019DCDDEA00C0E244 /* BNRDrawViewController.h */ = {isa = PBXFileReference; fileEncoding = 4; lastKnownFileType = sourcecode.c.h; name = BNRDrawViewController.h; path = ../BNRDrawViewController.h; sourceTree = "<group>"; };
		FAECA04119DCDDEA00C0E244 /* BNRDrawViewController.m */ = {isa = PBXFileReference; fileEncoding = 4; lastKnownFileType = sourcecode.c.objc; name = BNRDrawViewController.m; path = ../BNRDrawViewController.m; sourceTree = "<group>"; };
/* End PBXFileReference section */

/* Begin PBXFrameworksBuildPhase section */
		FAECA00219DCDC4F00C0E244 /* Frameworks */ = {
			isa = PBXFrameworksBuildPhase;
			buildActionMask = 2147483647;
			files = (
				FAECA00B19DCDC4F00C0E244 /* CoreGraphics.framework in Frameworks */,
				FAECA00D19DCDC4F00C0E244 /* UIKit.framework in Frameworks */,
				FAECA00919DCDC4F00C0E244 /* Foundation.framework in Frameworks */,
			);
			runOnlyForDeploymentPostprocessing = 0;
		};
		FAECA01D19DCDC4F00C0E244 /* Frameworks */ = {
			isa = PBXFrameworksBuildPhase;
			buildActionMask = 2147483647;
			files = (
				FAECA02219DCDC4F00C0E244 /* XCTest.framework in Frameworks */,
				FAECA02419DCDC4F00C0E244 /* UIKit.framework in Frameworks */,
				FAECA02319DCDC4F00C0E244 /* Foundation.framework in Frameworks */,
			);
			runOnlyForDeploymentPostprocessing = 0;
		};
/* End PBXFrameworksBuildPhase section */

/* Begin PBXGroup section */
		FAEC9FFC19DCDC4E00C0E244 = {
			isa = PBXGroup;
			children = (
				FAECA00E19DCDC4F00C0E244 /* TouchTracker */,
				FAECA02719DCDC4F00C0E244 /* TouchTrackerTests */,
				FAECA00719DCDC4F00C0E244 /* Frameworks */,
				FAECA00619DCDC4F00C0E244 /* Products */,
			);
			sourceTree = "<group>";
		};
		FAECA00619DCDC4F00C0E244 /* Products */ = {
			isa = PBXGroup;
			children = (
				FAECA00519DCDC4F00C0E244 /* TouchTracker.app */,
				FAECA02019DCDC4F00C0E244 /* TouchTrackerTests.xctest */,
			);
			name = Products;
			sourceTree = "<group>";
		};
		FAECA00719DCDC4F00C0E244 /* Frameworks */ = {
			isa = PBXGroup;
			children = (
				FAECA00819DCDC4F00C0E244 /* Foundation.framework */,
				FAECA00A19DCDC4F00C0E244 /* CoreGraphics.framework */,
				FAECA00C19DCDC4F00C0E244 /* UIKit.framework */,
				FAECA02119DCDC4F00C0E244 /* XCTest.framework */,
			);
			name = Frameworks;
			sourceTree = "<group>";
		};
		FAECA00E19DCDC4F00C0E244 /* TouchTracker */ = {
			isa = PBXGroup;
			children = (
				FAECA01719DCDC4F00C0E244 /* BNRAppDelegate.h */,
				FAECA01819DCDC4F00C0E244 /* BNRAppDelegate.m */,
				FAECA03A19DCDD4F00C0E244 /* BNRDrawView.h */,
				FAECA03B19DCDD4F00C0E244 /* BNRDrawView.m */,
				FAECA04019DCDDEA00C0E244 /* BNRDrawViewController.h */,
				FAECA04119DCDDEA00C0E244 /* BNRDrawViewController.m */,
				FAECA03719DCDCDB00C0E244 /* BNRLine.h */,
				FAECA03819DCDCDB00C0E244 /* BNRLine.m */,
				FAECA01A19DCDC4F00C0E244 /* Images.xcassets */,
				FAECA00F19DCDC4F00C0E244 /* Supporting Files */,
			);
			path = TouchTracker;
			sourceTree = "<group>";
		};
		FAECA00F19DCDC4F00C0E244 /* Supporting Files */ = {
			isa = PBXGroup;
			children = (
				FAECA01019DCDC4F00C0E244 /* TouchTracker-Info.plist */,
				FAECA01119DCDC4F00C0E244 /* InfoPlist.strings */,
				FAECA01419DCDC4F00C0E244 /* main.m */,
				FAECA01619DCDC4F00C0E244 /* TouchTracker-Prefix.pch */,
			);
			name = "Supporting Files";
			sourceTree = "<group>";
		};
		FAECA02719DCDC4F00C0E244 /* TouchTrackerTests */ = {
			isa = PBXGroup;
			children = (
				FAECA02D19DCDC4F00C0E244 /* TouchTrackerTests.m */,
				FAECA02819DCDC4F00C0E244 /* Supporting Files */,
			);
			path = TouchTrackerTests;
			sourceTree = "<group>";
		};
		FAECA02819DCDC4F00C0E244 /* Supporting Files */ = {
			isa = PBXGroup;
			children = (
				FAECA02919DCDC4F00C0E244 /* TouchTrackerTests-Info.plist */,
				FAECA02A19DCDC4F00C0E244 /* InfoPlist.strings */,
			);
			name = "Supporting Files";
			sourceTree = "<group>";
		};
/* End PBXGroup section */

/* Begin PBXNativeTarget section */
		FAECA00419DCDC4F00C0E244 /* TouchTracker */ = {
			isa = PBXNativeTarget;
			buildConfigurationList = FAECA03119DCDC4F00C0E244 /* Build configuration list for PBXNativeTarget "TouchTracker" */;
			buildPhases = (
				FAECA00119DCDC4F00C0E244 /* Sources */,
				FAECA00219DCDC4F00C0E244 /* Frameworks */,
				FAECA00319DCDC4F00C0E244 /* Resources */,
			);
			buildRules = (
			);
			dependencies = (
			);
			name = TouchTracker;
			productName = TouchTracker;
			productReference = FAECA00519DCDC4F00C0E244 /* TouchTracker.app */;
			productType = "com.apple.product-type.application";
		};
		FAECA01F19DCDC4F00C0E244 /* TouchTrackerTests */ = {
			isa = PBXNativeTarget;
			buildConfigurationList = FAECA03419DCDC4F00C0E244 /* Build configuration list for PBXNativeTarget "TouchTrackerTests" */;
			buildPhases = (
				FAECA01C19DCDC4F00C0E244 /* Sources */,
				FAECA01D19DCDC4F00C0E244 /* Frameworks */,
				FAECA01E19DCDC4F00C0E244 /* Resources */,
			);
			buildRules = (
			);
			dependencies = (
				FAECA02619DCDC4F00C0E244 /* PBXTargetDependency */,
			);
			name = TouchTrackerTests;
			productName = TouchTrackerTests;
			productReference = FAECA02019DCDC4F00C0E244 /* TouchTrackerTests.xctest */;
			productType = "com.apple.product-type.bundle.unit-test";
		};
/* End PBXNativeTarget section */

/* Begin PBXProject section */
		FAEC9FFD19DCDC4E00C0E244 /* Project object */ = {
			isa = PBXProject;
			attributes = {
				CLASSPREFIX = BNR;
				LastUpgradeCheck = 0510;
				ORGANIZATIONNAME = "Marvin Labrador";
				TargetAttributes = {
					FAECA01F19DCDC4F00C0E244 = {
						TestTargetID = FAECA00419DCDC4F00C0E244;
					};
				};
			};
			buildConfigurationList = FAECA00019DCDC4E00C0E244 /* Build configuration list for PBXProject "TouchTracker" */;
			compatibilityVersion = "Xcode 3.2";
			developmentRegion = English;
			hasScannedForEncodings = 0;
			knownRegions = (
				en,
			);
			mainGroup = FAEC9FFC19DCDC4E00C0E244;
			productRefGroup = FAECA00619DCDC4F00C0E244 /* Products */;
			projectDirPath = "";
			projectRoot = "";
			targets = (
				FAECA00419DCDC4F00C0E244 /* TouchTracker */,
				FAECA01F19DCDC4F00C0E244 /* TouchTrackerTests */,
			);
		};
/* End PBXProject section */

/* Begin PBXResourcesBuildPhase section */
		FAECA00319DCDC4F00C0E244 /* Resources */ = {
			isa = PBXResourcesBuildPhase;
			buildActionMask = 2147483647;
			files = (
				FAECA01319DCDC4F00C0E244 /* InfoPlist.strings in Resources */,
				FAECA01B19DCDC4F00C0E244 /* Images.xcassets in Resources */,
			);
			runOnlyForDeploymentPostprocessing = 0;
		};
		FAECA01E19DCDC4F00C0E244 /* Resources */ = {
			isa = PBXResourcesBuildPhase;
			buildActionMask = 2147483647;
			files = (
				FAECA02C19DCDC4F00C0E244 /* InfoPlist.strings in Resources */,
			);
			runOnlyForDeploymentPostprocessing = 0;
		};
/* End PBXResourcesBuildPhase section */

/* Begin PBXSourcesBuildPhase section */
		FAECA00119DCDC4F00C0E244 /* Sources */ = {
			isa = PBXSourcesBuildPhase;
			buildActionMask = 2147483647;
			files = (
				FAECA01519DCDC4F00C0E244 /* main.m in Sources */,
				FAECA04219DCDDEA00C0E244 /* BNRDrawViewController.m in Sources */,
				FAECA03919DCDCDB00C0E244 /* BNRLine.m in Sources */,
				FAECA01919DCDC4F00C0E244 /* BNRAppDelegate.m in Sources */,
				FAECA03C19DCDD4F00C0E244 /* BNRDrawView.m in Sources */,
			);
			runOnlyForDeploymentPostprocessing = 0;
		};
		FAECA01C19DCDC4F00C0E244 /* Sources */ = {
			isa = PBXSourcesBuildPhase;
			buildActionMask = 2147483647;
			files = (
				FAECA02E19DCDC4F00C0E244 /* TouchTrackerTests.m in Sources */,
			);
			runOnlyForDeploymentPostprocessing = 0;
		};
/* End PBXSourcesBuildPhase section */

/* Begin PBXTargetDependency section */
		FAECA02619DCDC4F00C0E244 /* PBXTargetDependency */ = {
			isa = PBXTargetDependency;
			target = FAECA00419DCDC4F00C0E244 /* TouchTracker */;
			targetProxy = FAECA02519DCDC4F00C0E244 /* PBXContainerItemProxy */;
		};
/* End PBXTargetDependency section */

/* Begin PBXVariantGroup section */
		FAECA01119DCDC4F00C0E244 /* InfoPlist.strings */ = {
			isa = PBXVariantGroup;
			children = (
				FAECA01219DCDC4F00C0E244 /* en */,
			);
			name = InfoPlist.strings;
			sourceTree = "<group>";
		};
		FAECA02A19DCDC4F00C0E244 /* InfoPlist.strings */ = {
			isa = PBXVariantGroup;
			children = (
				FAECA02B19DCDC4F00C0E244 /* en */,
			);
			name = InfoPlist.strings;
			sourceTree = "<group>";
		};
/* End PBXVariantGroup section */

/* Begin XCBuildConfiguration section */
		FAECA02F19DCDC4F00C0E244 /* Debug */ = {
			isa = XCBuildConfiguration;
			buildSettings = {
				ALWAYS_SEARCH_USER_PATHS = NO;
				CLANG_CXX_LANGUAGE_STANDARD = "gnu++0x";
				CLANG_CXX_LIBRARY = "libc++";
				CLANG_ENABLE_MODULES = YES;
				CLANG_ENABLE_OBJC_ARC = YES;
				CLANG_WARN_BOOL_CONVERSION = YES;
				CLANG_WARN_CONSTANT_CONVERSION = YES;
				CLANG_WARN_DIRECT_OBJC_ISA_USAGE = YES_ERROR;
				CLANG_WARN_EMPTY_BODY = YES;
				CLANG_WARN_ENUM_CONVERSION = YES;
				CLANG_WARN_INT_CONVERSION = YES;
				CLANG_WARN_OBJC_ROOT_CLASS = YES_ERROR;
				CLANG_WARN__DUPLICATE_METHOD_MATCH = YES;
				CODE_SIGN_IDENTITY = "iPhone Distribution: CYSCORPIONS INC";
				"CODE_SIGN_IDENTITY[sdk=iphoneos*]" = "iPhone Distribution: CYSCORPIONS INC";
				COPY_PHASE_STRIP = NO;
				GCC_C_LANGUAGE_STANDARD = gnu99;
				GCC_DYNAMIC_NO_PIC = NO;
				GCC_OPTIMIZATION_LEVEL = 0;
				GCC_PREPROCESSOR_DEFINITIONS = (
					"DEBUG=1",
					"$(inherited)",
				);
				GCC_SYMBOLS_PRIVATE_EXTERN = NO;
				GCC_WARN_64_TO_32_BIT_CONVERSION = YES;
				GCC_WARN_ABOUT_RETURN_TYPE = YES_ERROR;
				GCC_WARN_UNDECLARED_SELECTOR = YES;
				GCC_WARN_UNINITIALIZED_AUTOS = YES_AGGRESSIVE;
				GCC_WARN_UNUSED_FUNCTION = YES;
				GCC_WARN_UNUSED_VARIABLE = YES;
				IPHONEOS_DEPLOYMENT_TARGET = 7.1;
				ONLY_ACTIVE_ARCH = YES;
				SDKROOT = iphoneos;
			};
			name = Debug;
		};
		FAECA03019DCDC4F00C0E244 /* Release */ = {
			isa = XCBuildConfiguration;
			buildSettings = {
				ALWAYS_SEARCH_USER_PATHS = NO;
				CLANG_CXX_LANGUAGE_STANDARD = "gnu++0x";
				CLANG_CXX_LIBRARY = "libc++";
				CLANG_ENABLE_MODULES = YES;
				CLANG_ENABLE_OBJC_ARC = YES;
				CLANG_WARN_BOOL_CONVERSION = YES;
				CLANG_WARN_CONSTANT_CONVERSION = YES;
				CLANG_WARN_DIRECT_OBJC_ISA_USAGE = YES_ERROR;
				CLANG_WARN_EMPTY_BODY = YES;
				CLANG_WARN_ENUM_CONVERSION = YES;
				CLANG_WARN_INT_CONVERSION = YES;
				CLANG_WARN_OBJC_ROOT_CLASS = YES_ERROR;
				CLANG_WARN__DUPLICATE_METHOD_MATCH = YES;
				CODE_SIGN_IDENTITY = "iPhone Distribution: CYSCORPIONS INC";
				"CODE_SIGN_IDENTITY[sdk=iphoneos*]" = "iPhone Distribution: CYSCORPIONS INC";
				COPY_PHASE_STRIP = YES;
				ENABLE_NS_ASSERTIONS = NO;
				GCC_C_LANGUAGE_STANDARD = gnu99;
				GCC_WARN_64_TO_32_BIT_CONVERSION = YES;
				GCC_WARN_ABOUT_RETURN_TYPE = YES_ERROR;
				GCC_WARN_UNDECLARED_SELECTOR = YES;
				GCC_WARN_UNINITIALIZED_AUTOS = YES_AGGRESSIVE;
				GCC_WARN_UNUSED_FUNCTION = YES;
				GCC_WARN_UNUSED_VARIABLE = YES;
				IPHONEOS_DEPLOYMENT_TARGET = 7.1;
				SDKROOT = iphoneos;
				VALIDATE_PRODUCT = YES;
			};
			name = Release;
		};
		FAECA03219DCDC4F00C0E244 /* Debug */ = {
			isa = XCBuildConfiguration;
			buildSettings = {
				ASSETCATALOG_COMPILER_APPICON_NAME = AppIcon;
				ASSETCATALOG_COMPILER_LAUNCHIMAGE_NAME = LaunchImage;
				CODE_SIGN_IDENTITY = "iPhone Distribution: CYSCORPIONS INC";
				GCC_PRECOMPILE_PREFIX_HEADER = YES;
				GCC_PREFIX_HEADER = "TouchTracker/TouchTracker-Prefix.pch";
				INFOPLIST_FILE = "TouchTracker/TouchTracker-Info.plist";
				PRODUCT_NAME = "$(TARGET_NAME)";
				WRAPPER_EXTENSION = app;
			};
			name = Debug;
		};
		FAECA03319DCDC4F00C0E244 /* Release */ = {
			isa = XCBuildConfiguration;
			buildSettings = {
				ASSETCATALOG_COMPILER_APPICON_NAME = AppIcon;
				ASSETCATALOG_COMPILER_LAUNCHIMAGE_NAME = LaunchImage;
				CODE_SIGN_IDENTITY = "iPhone Distribution: CYSCORPIONS INC";
				GCC_PRECOMPILE_PREFIX_HEADER = YES;
				GCC_PREFIX_HEADER = "TouchTracker/TouchTracker-Prefix.pch";
				INFOPLIST_FILE = "TouchTracker/TouchTracker-Info.plist";
				PRODUCT_NAME = "$(TARGET_NAME)";
				WRAPPER_EXTENSION = app;
			};
			name = Release;
		};
		FAECA03519DCDC4F00C0E244 /* Debug */ = {
			isa = XCBuildConfiguration;
			buildSettings = {
				BUNDLE_LOADER = "$(BUILT_PRODUCTS_DIR)/TouchTracker.app/TouchTracker";
				FRAMEWORK_SEARCH_PATHS = (
					"$(SDKROOT)/Developer/Library/Frameworks",
					"$(inherited)",
					"$(DEVELOPER_FRAMEWORKS_DIR)",
				);
				GCC_PRECOMPILE_PREFIX_HEADER = YES;
				GCC_PREFIX_HEADER = "TouchTracker/TouchTracker-Prefix.pch";
				GCC_PREPROCESSOR_DEFINITIONS = (
					"DEBUG=1",
					"$(inherited)",
				);
				INFOPLIST_FILE = "TouchTrackerTests/TouchTrackerTests-Info.plist";
				PRODUCT_NAME = "$(TARGET_NAME)";
				TEST_HOST = "$(BUNDLE_LOADER)";
				WRAPPER_EXTENSION = xctest;
			};
			name = Debug;
		};
		FAECA03619DCDC4F00C0E244 /* Release */ = {
			isa = XCBuildConfiguration;
			buildSettings = {
				BUNDLE_LOADER = "$(BUILT_PRODUCTS_DIR)/TouchTracker.app/TouchTracker";
				FRAMEWORK_SEARCH_PATHS = (
					"$(SDKROOT)/Developer/Library/Frameworks",
					"$(inherited)",
					"$(DEVELOPER_FRAMEWORKS_DIR)",
				);
				GCC_PRECOMPILE_PREFIX_HEADER = YES;
				GCC_PREFIX_HEADER = "TouchTracker/TouchTracker-Prefix.pch";
				INFOPLIST_FILE = "TouchTrackerTests/TouchTrackerTests-Info.plist";
				PRODUCT_NAME = "$(TARGET_NAME)";
				TEST_HOST = "$(BUNDLE_LOADER)";
				WRAPPER_EXTENSION = xctest;
			};
			name = Release;
		};
/* End XCBuildConfiguration section */

/* Begin XCConfigurationList section */
		FAECA00019DCDC4E00C0E244 /* Build configuration list for PBXProject "TouchTracker" */ = {
			isa = XCConfigurationList;
			buildConfigurations = (
				FAECA02F19DCDC4F00C0E244 /* Debug */,
				FAECA03019DCDC4F00C0E244 /* Release */,
			);
			defaultConfigurationIsVisible = 0;
			defaultConfigurationName = Release;
		};
		FAECA03119DCDC4F00C0E244 /* Build configuration list for PBXNativeTarget "TouchTracker" */ = {
			isa = XCConfigurationList;
			buildConfigurations = (
				FAECA03219DCDC4F00C0E244 /* Debug */,
				FAECA03319DCDC4F00C0E244 /* Release */,
			);
			defaultConfigurationIsVisible = 0;
		};
		FAECA03419DCDC4F00C0E244 /* Build configuration list for PBXNativeTarget "TouchTrackerTests" */ = {
			isa = XCConfigurationList;
			buildConfigurations = (
				FAECA03519DCDC4F00C0E244 /* Debug */,
				FAECA03619DCDC4F00C0E244 /* Release */,
			);
			defaultConfigurationIsVisible = 0;
		};
/* End XCConfigurationList section */
	};
	rootObject = FAEC9FFD19DCDC4E00C0E244 /* Project object */;
}
